github.com/ericpauley/go-quantize v0.0.0-20200331213906-ae555eb2afa4 h1:BBade+JlV/f7JstZ4pitd4tHhpN+w+6I+LyOS7B4fyU=
github.com/ericpauley/go-quantize v0.0.0-20200331213906-ae555eb2afa4/go.mod h1:H7chHJglrhPPzetLdzBleF8d22WYOv7UM/lEKYiwlKM=
github.com/goccy/go-json v0.10.2 h1:CrxCmQqYDkv1z7lO7Wbh2HN93uovUHgrECaO5ZrCXAU=
github.com/goccy/go-json v0.10.2/go.mod h1:6MelG93GURQebXPDq3khkgXZkazVtN9CRI+MGFi0w8I=
github.com/google/uuid v1.5.0 h1:1p67kYwdtXjb0gL0BPiP1Av9wiZPo5A8z2cWkTZ+eyU=
github.com/google/uuid v1.5.0/go.mod h1:TIyPZe4MgqvfeYDBFedMoGGpEw/LqOeaOT+nhxU+yHo=
github.com/respectZ/glowstone v1.0.3 h1:3XmRq+8nz5ErefrdZKP8o4ujxLjf4aayCZXuVUPcJ1s=
golang.org/x/text v0.13.0 h1:ablQoSUd0tRdKxZewP80B+BaqeKJuVhuRxj/dkrun3k=
golang.org/x/text v0.13.0/go.mod h1:TvPlkZtksWOMsz7fbANvkp4WM8x/WCo/om8BMLbz+aE=
